
Microsoft Visual Studio Solution File, Format Version 12.00
# Visual Studio Version 17
VisualStudioVersion = 17.14.36811.4 d17.14
MinimumVisualStudioVersion = 10.0.40219.1
Project("{FAE04EC0-301F-11D3-BF4B-00C04F79EFBC}") = "Calculator", "Calculator\Calculator.csproj", "{CEB7F6BE-5F0F-4057-996B-6FFA0728F59B}"
EndProject
Project("{FAE04EC0-301F-11D3-BF4B-00C04F79EFBC}") = "ExpressionEngine", "ExpressionEngine\ExpressionEngine.csproj", "{E7AEB3FE-EA76-4177-BBA3-89772F065E5A}"
EndProject
Global
	GlobalSection(SolutionConfigurationPlatforms) = preSolution
		Debug|Any CPU = Debug|Any CPU
		Release|Any CPU = Release|Any CPU
	EndGlobalSection
	GlobalSection(ProjectConfigurationPlatforms) = postSolution
		{CEB7F6BE-5F0F-4057-996B-6FFA0728F59B}.Debug|Any CPU.ActiveCfg = Debug|Any CPU
		{CEB7F6BE-5F0F-4057-996B-6FFA0728F59B}.Debug|Any CPU.Build.0 = Debug|Any CPU
		{CEB7F6BE-5F0F-4057-996B-6FFA0728F59B}.Debug|Any CPU.Deploy.0 = Debug|Any CPU
		{CEB7F6BE-5F0F-4057-996B-6FFA0728F59B}.Release|Any CPU.ActiveCfg = Release|Any CPU
		{CEB7F6BE-5F0F-4057-996B-6FFA0728F59B}.Release|Any CPU.Build.0 = Release|Any CPU
		{E7AEB3FE-EA76-4177-BBA3-89772F065E5A}.Debug|Any CPU.ActiveCfg = Debug|Any CPU
		{E7AEB3FE-EA76-4177-BBA3-89772F065E5A}.Debug|Any CPU.Build.0 = Debug|Any CPU
		{E7AEB3FE-EA76-4177-BBA3-89772F065E5A}.Release|Any CPU.ActiveCfg = Release|Any CPU
		{E7AEB3FE-EA76-4177-BBA3-89772F065E5A}.Release|Any CPU.Build.0 = Release|Any CPU
	EndGlobalSection
	GlobalSection(SolutionProperties) = preSolution
		HideSolutionNode = FALSE
	EndGlobalSection
	GlobalSection(ExtensibilityGlobals) = postSolution
		SolutionGuid = {BC93D259-4432-4B12-86F2-3C2E1276E2B7}
	EndGlobalSection
EndGlobal
